github.com/drone/envsubst v1.0.3 h1:PCIBwNDYjs50AsLZPYdfhSATKaRg/FJmDc2D6+C2x8g=
github.com/drone/envsubst v1.0.3/go.mod h1:N2jZmlMufstn1KEqvbHjw40h1KyTmnVzHcSc9bFiJ2g=
github.com/golobby/container/v3 v3.3.2 h1:7u+RgNnsdVlhGoS8gY4EXAG601vpMMzLZlYqSp77Quw=
github.com/golobby/container/v3 v3.3.2/go.mod h1:RDdKpnKpV1Of11PFBe7Dxc2C1k2KaLE4FD47FflAmj0=
github.com/google/go-cmp v0.2.0/go.mod h1:oXzfMopK8JAjlY9xF4vHSVASa0yLyX7SntLO5aqRK0M=
